Microsoft Visual Studio Solution File, Format Version 12.00
# Visual Studio Version 17
VisualStudioVersion = 17.5.2.0
MinimumVisualStudioVersion = 10.0.40219.1
Project("{FAE04EC0-301F-11D3-BF4B-00C04F79EFBC}") = "Emitlog", "Emitlog\Emitlog.csproj", "{C1C1A20F-FED3-E53F-2E89-D54CFEA4D2D8}"
EndProject
Project("{FAE04EC0-301F-11D3-BF4B-00C04F79EFBC}") = "NewTask", "NewTask\NewTask.csproj", "{6C899F1E-38E6-8CD7-3245-240F74B37A1B}"
EndProject
Project("{FAE04EC0-301F-11D3-BF4B-00C04F79EFBC}") = "Receive", "Receive\Receive.csproj", "{5DFDE5E2-4810-6F6A-F8BF-29B2EF5E57E3}"
EndProject
Project("{FAE04EC0-301F-11D3-BF4B-00C04F79EFBC}") = "Receivelogs", "Receivelogs\Receivelogs.csproj", "{98360EDC-B9B0-A5DB-1429-08D3998A16CA}"
EndProject
Project("{FAE04EC0-301F-11D3-BF4B-00C04F79EFBC}") = "Worker", "Worker\Worker.csproj", "{69C79C25-F84F-479E-3E79-EC68C71F7F70}"
EndProject
Project("{FAE04EC0-301F-11D3-BF4B-00C04F79EFBC}") = "Send", "Send\Send.csproj", "{BE4CA945-2A6E-93CD-B1A7-821926D74F45}"
EndProject
Global
	GlobalSection(SolutionConfigurationPlatforms) = preSolution
		Debug|Any CPU = Debug|Any CPU
		Release|Any CPU = Release|Any CPU
	EndGlobalSection
	GlobalSection(ProjectConfigurationPlatforms) = postSolution
		{C1C1A20F-FED3-E53F-2E89-D54CFEA4D2D8}.Debug|Any CPU.ActiveCfg = Debug|Any CPU
		{C1C1A20F-FED3-E53F-2E89-D54CFEA4D2D8}.Debug|Any CPU.Build.0 = Debug|Any CPU
		{C1C1A20F-FED3-E53F-2E89-D54CFEA4D2D8}.Release|Any CPU.ActiveCfg = Release|Any CPU
		{C1C1A20F-FED3-E53F-2E89-D54CFEA4D2D8}.Release|Any CPU.Build.0 = Release|Any CPU
		{6C899F1E-38E6-8CD7-3245-240F74B37A1B}.Debug|Any CPU.ActiveCfg = Debug|Any CPU
		{6C899F1E-38E6-8CD7-3245-240F74B37A1B}.Debug|Any CPU.Build.0 = Debug|Any CPU
		{6C899F1E-38E6-8CD7-3245-240F74B37A1B}.Release|Any CPU.ActiveCfg = Release|Any CPU
		{6C899F1E-38E6-8CD7-3245-240F74B37A1B}.Release|Any CPU.Build.0 = Release|Any CPU
		{5DFDE5E2-4810-6F6A-F8BF-29B2EF5E57E3}.Debug|Any CPU.ActiveCfg = Debug|Any CPU
		{5DFDE5E2-4810-6F6A-F8BF-29B2EF5E57E3}.Debug|Any CPU.Build.0 = Debug|Any CPU
		{5DFDE5E2-4810-6F6A-F8BF-29B2EF5E57E3}.Release|Any CPU.ActiveCfg = Release|Any CPU
		{5DFDE5E2-4810-6F6A-F8BF-29B2EF5E57E3}.Release|Any CPU.Build.0 = Release|Any CPU
		{98360EDC-B9B0-A5DB-1429-08D3998A16CA}.Debug|Any CPU.ActiveCfg = Debug|Any CPU
		{98360EDC-B9B0-A5DB-1429-08D3998A16CA}.Debug|Any CPU.Build.0 = Debug|Any CPU
		{98360EDC-B9B0-A5DB-1429-08D3998A16CA}.Release|Any CPU.ActiveCfg = Release|Any CPU
		{98360EDC-B9B0-A5DB-1429-08D3998A16CA}.Release|Any CPU.Build.0 = Release|Any CPU
		{69C79C25-F84F-479E-3E79-EC68C71F7F70}.Debug|Any CPU.ActiveCfg = Debug|Any CPU
		{69C79C25-F84F-479E-3E79-EC68C71F7F70}.Debug|Any CPU.Build.0 = Debug|Any CPU
		{69C79C25-F84F-479E-3E79-EC68C71F7F70}.Release|Any CPU.ActiveCfg = Release|Any CPU
		{69C79C25-F84F-479E-3E79-EC68C71F7F70}.Release|Any CPU.Build.0 = Release|Any CPU
		{BE4CA945-2A6E-93CD-B1A7-821926D74F45}.Debug|Any CPU.ActiveCfg = Debug|Any CPU
		{BE4CA945-2A6E-93CD-B1A7-821926D74F45}.Debug|Any CPU.Build.0 = Debug|Any CPU
		{BE4CA945-2A6E-93CD-B1A7-821926D74F45}.Release|Any CPU.ActiveCfg = Release|Any CPU
		{BE4CA945-2A6E-93CD-B1A7-821926D74F45}.Release|Any CPU.Build.0 = Release|Any CPU
	EndGlobalSection
	GlobalSection(SolutionProperties) = preSolution
		HideSolutionNode = FALSE
	EndGlobalSection
	GlobalSection(ExtensibilityGlobals) = postSolution
		SolutionGuid = {BD030453-7DD4-44F6-A993-A18546A66CA5}
	EndGlobalSection
EndGlobal
